{
  "name": "meguro",
  "version": "2.0.0",
  "lockfileVersion": 1,
  "requires": true,
  "dependencies": {
    "ebisu-js": {
      "version": "2.0.0",
      "resolved": "https://registry.npmjs.org/ebisu-js/-/ebisu-js-2.0.0.tgz",
      "integrity": "sha512-i1hszp6L7h/tIgiKOFsRJtGresjkNFrJjzBCW+0JNazzsVZYAdwDd4imawlQ5nqQfxpvX2YObwLHBry0cZPSTg==",
      "requires": {
        "gamma": "^1.0.0",
        "minimize-golden-section-1d": "^3.0.0"
      }
    },
    "gamma": {
      "version": "1.0.0",
      "resolved": "https://registry.npmjs.org/gamma/-/gamma-1.0.0.tgz",
      "integrity": "sha1-mDwck5/iPZMnAVhXEeHZpDDLdMs="
    },
    "minimize-golden-section-1d": {
      "version": "3.0.0",
      "resolved": "https://registry.npmjs.org/minimize-golden-section-1d/-/minimize-golden-section-1d-3.0.0.tgz",
      "integrity": "sha512-zwsb9Jvbmbnz1KskO2AZ1XhHShc5B7MrgQgX2Kpc7bpB4JWHG1PMHP7umM8St5xOi2wszci2QcDWjrp5Dr8Mmw=="
    },
    "readline-sync": {
      "version": "1.4.10",
      "resolved": "https://registry.npmjs.org/readline-sync/-/readline-sync-1.4.10.tgz",
      "integrity": "sha512-gNva8/6UAe8QYepIQH/jQ2qn91Qj0B9sYjMBBs3QOB8F2CXcKgLxQaJRP76sWVRQt+QU+8fAkCbCvjjMFu7Ycw=="
    }
  }
}
